
Microsoft Visual Studio Solution File, Format Version 12.00
# Visual Studio Version 16
VisualStudioVersion = 16.0.30413.136
MinimumVisualStudioVersion = 10.0.40219.1
Project("{FAE04EC0-301F-11D3-BF4B-00C04F79EFBC}") = "UWP-028", "UWP-028\UWP-028.csproj", "{E6E6E6AB-548D-4FA0-BDC7-CA85D0D4D1BE}"
EndProject
Project("{FAE04EC0-301F-11D3-BF4B-00C04F79EFBC}") = "UWP-029", "UWP-029\UWP-029.csproj", "{0B5F4D7C-94C7-47BD-B63C-68D23D677F71}"
EndProject
Project("{FAE04EC0-301F-11D3-BF4B-00C04F79EFBC}") = "UWP-030", "UWP-030\UWP-030.csproj", "{F7E0E7C3-29EE-4E57-8457-633DC36E96C8}"
EndProject
Project("{FAE04EC0-301F-11D3-BF4B-00C04F79EFBC}") = "UWP-037", "UWP-037\UWP-037.csproj", "{38EC4AAE-6DDE-42DA-8CC6-71BB018EC46B}"
EndProject
Global
	GlobalSection(SolutionConfigurationPlatforms) = preSolution
		Debug|ARM = Debug|ARM
		Debug|ARM64 = Debug|ARM64
		Debug|x64 = Debug|x64
		Debug|x86 = Debug|x86
		Release|ARM = Release|ARM
		Release|ARM64 = Release|ARM64
		Release|x64 = Release|x64
		Release|x86 = Release|x86
	EndGlobalSection
	GlobalSection(ProjectConfigurationPlatforms) = postSolution
		{E6E6E6AB-548D-4FA0-BDC7-CA85D0D4D1BE}.Debug|ARM.ActiveCfg = Debug|ARM
		{E6E6E6AB-548D-4FA0-BDC7-CA85D0D4D1BE}.Debug|ARM.Build.0 = Debug|ARM
		{E6E6E6AB-548D-4FA0-BDC7-CA85D0D4D1BE}.Debug|ARM.Deploy.0 = Debug|ARM
		{E6E6E6AB-548D-4FA0-BDC7-CA85D0D4D1BE}.Debug|ARM64.ActiveCfg = Debug|ARM64
		{E6E6E6AB-548D-4FA0-BDC7-CA85D0D4D1BE}.Debug|ARM64.Build.0 = Debug|ARM64
		{E6E6E6AB-548D-4FA0-BDC7-CA85D0D4D1BE}.Debug|ARM64.Deploy.0 = Debug|ARM64
		{E6E6E6AB-548D-4FA0-BDC7-CA85D0D4D1BE}.Debug|x64.ActiveCfg = Debug|x64
		{E6E6E6AB-548D-4FA0-BDC7-CA85D0D4D1BE}.Debug|x64.Build.0 = Debug|x64
		{E6E6E6AB-548D-4FA0-BDC7-CA85D0D4D1BE}.Debug|x64.Deploy.0 = Debug|x64
		{E6E6E6AB-548D-4FA0-BDC7-CA85D0D4D1BE}.Debug|x86.ActiveCfg = Debug|x86
		{E6E6E6AB-548D-4FA0-BDC7-CA85D0D4D1BE}.Debug|x86.Build.0 = Debug|x86
		{E6E6E6AB-548D-4FA0-BDC7-CA85D0D4D1BE}.Debug|x86.Deploy.0 = Debug|x86
		{E6E6E6AB-548D-4FA0-BDC7-CA85D0D4D1BE}.Release|ARM.ActiveCfg = Release|ARM
		{E6E6E6AB-548D-4FA0-BDC7-CA85D0D4D1BE}.Release|ARM.Build.0 = Release|ARM
		{E6E6E6AB-548D-4FA0-BDC7-CA85D0D4D1BE}.Release|ARM.Deploy.0 = Release|ARM
		{E6E6E6AB-548D-4FA0-BDC7-CA85D0D4D1BE}.Release|ARM64.ActiveCfg = Release|ARM64
		{E6E6E6AB-548D-4FA0-BDC7-CA85D0D4D1BE}.Release|ARM64.Build.0 = Release|ARM64
		{E6E6E6AB-548D-4FA0-BDC7-CA85D0D4D1BE}.Release|ARM64.Deploy.0 = Release|ARM64
		{E6E6E6AB-548D-4FA0-BDC7-CA85D0D4D1BE}.Release|x64.ActiveCfg = Release|x64
		{E6E6E6AB-548D-4FA0-BDC7-CA85D0D4D1BE}.Release|x64.Build.0 = Release|x64
		{E6E6E6AB-548D-4FA0-BDC7-CA85D0D4D1BE}.Release|x64.Deploy.0 = Release|x64
		{E6E6E6AB-548D-4FA0-BDC7-CA85D0D4D1BE}.Release|x86.ActiveCfg = Release|x86
		{E6E6E6AB-548D-4FA0-BDC7-CA85D0D4D1BE}.Release|x86.Build.0 = Release|x86
		{E6E6E6AB-548D-4FA0-BDC7-CA85D0D4D1BE}.Release|x86.Deploy.0 = Release|x86
		{0B5F4D7C-94C7-47BD-B63C-68D23D677F71}.Debug|ARM.ActiveCfg = Debug|ARM
		{0B5F4D7C-94C7-47BD-B63C-68D23D677F71}.Debug|ARM.Build.0 = Debug|ARM
		{0B5F4D7C-94C7-47BD-B63C-68D23D677F71}.Debug|ARM.Deploy.0 = Debug|ARM
		{0B5F4D7C-94C7-47BD-B63C-68D23D677F71}.Debug|ARM64.ActiveCfg = Debug|ARM64
		{0B5F4D7C-94C7-47BD-B63C-68D23D677F71}.Debug|ARM64.Build.0 = Debug|ARM64
		{0B5F4D7C-94C7-47BD-B63C-68D23D677F71}.Debug|ARM64.Deploy.0 = Debug|ARM64
		{0B5F4D7C-94C7-47BD-B63C-68D23D677F71}.Debug|x64.ActiveCfg = Debug|x64
		{0B5F4D7C-94C7-47BD-B63C-68D23D677F71}.Debug|x64.Build.0 = Debug|x64
		{0B5F4D7C-94C7-47BD-B63C-68D23D677F71}.Debug|x64.Deploy.0 = Debug|x64
		{0B5F4D7C-94C7-47BD-B63C-68D23D677F71}.Debug|x86.ActiveCfg = Debug|x86
		{0B5F4D7C-94C7-47BD-B63C-68D23D677F71}.Debug|x86.Build.0 = Debug|x86
		{0B5F4D7C-94C7-47BD-B63C-68D23D677F71}.Debug|x86.Deploy.0 = Debug|x86
		{0B5F4D7C-94C7-47BD-B63C-68D23D677F71}.Release|ARM.ActiveCfg = Release|ARM
		{0B5F4D7C-94C7-47BD-B63C-68D23D677F71}.Release|ARM.Build.0 = Release|ARM
		{0B5F4D7C-94C7-47BD-B63C-68D23D677F71}.Release|ARM.Deploy.0 = Release|ARM
		{0B5F4D7C-94C7-47BD-B63C-68D23D677F71}.Release|ARM64.ActiveCfg = Release|ARM64
		{0B5F4D7C-94C7-47BD-B63C-68D23D677F71}.Release|ARM64.Build.0 = Release|ARM64
		{0B5F4D7C-94C7-47BD-B63C-68D23D677F71}.Release|ARM64.Deploy.0 = Release|ARM64
		{0B5F4D7C-94C7-47BD-B63C-68D23D677F71}.Release|x64.ActiveCfg = Release|x64
		{0B5F4D7C-94C7-47BD-B63C-68D23D677F71}.Release|x64.Build.0 = Release|x64
		{0B5F4D7C-94C7-47BD-B63C-68D23D677F71}.Release|x64.Deploy.0 = Release|x64
		{0B5F4D7C-94C7-47BD-B63C-68D23D677F71}.Release|x86.ActiveCfg = Release|x86
		{0B5F4D7C-94C7-47BD-B63C-68D23D677F71}.Release|x86.Build.0 = Release|x86
		{0B5F4D7C-94C7-47BD-B63C-68D23D677F71}.Release|x86.Deploy.0 = Release|x86
		{F7E0E7C3-29EE-4E57-8457-633DC36E96C8}.Debug|ARM.ActiveCfg = Debug|ARM
		{F7E0E7C3-29EE-4E57-8457-633DC36E96C8}.Debug|ARM.Build.0 = Debug|ARM
		{F7E0E7C3-29EE-4E57-8457-633DC36E96C8}.Debug|ARM.Deploy.0 = Debug|ARM
		{F7E0E7C3-29EE-4E57-8457-633DC36E96C8}.Debug|ARM64.ActiveCfg = Debug|ARM64
		{F7E0E7C3-29EE-4E57-8457-633DC36E96C8}.Debug|ARM64.Build.0 = Debug|ARM64
		{F7E0E7C3-29EE-4E57-8457-633DC36E96C8}.Debug|ARM64.Deploy.0 = Debug|ARM64
		{F7E0E7C3-29EE-4E57-8457-633DC36E96C8}.Debug|x64.ActiveCfg = Debug|x64
		{F7E0E7C3-29EE-4E57-8457-633DC36E96C8}.Debug|x64.Build.0 = Debug|x64
		{F7E0E7C3-29EE-4E57-8457-633DC36E96C8}.Debug|x64.Deploy.0 = Debug|x64
		{F7E0E7C3-29EE-4E57-8457-633DC36E96C8}.Debug|x86.ActiveCfg = Debug|x86
		{F7E0E7C3-29EE-4E57-8457-633DC36E96C8}.Debug|x86.Build.0 = Debug|x86
		{F7E0E7C3-29EE-4E57-8457-633DC36E96C8}.Debug|x86.Deploy.0 = Debug|x86
		{F7E0E7C3-29EE-4E57-8457-633DC36E96C8}.Release|ARM.ActiveCfg = Release|ARM
		{F7E0E7C3-29EE-4E57-8457-633DC36E96C8}.Release|ARM.Build.0 = Release|ARM
		{F7E0E7C3-29EE-4E57-8457-633DC36E96C8}.Release|ARM.Deploy.0 = Release|ARM
		{F7E0E7C3-29EE-4E57-8457-633DC36E96C8}.Release|ARM64.ActiveCfg = Release|ARM64
		{F7E0E7C3-29EE-4E57-8457-633DC36E96C8}.Release|ARM64.Build.0 = Release|ARM64
		{F7E0E7C3-29EE-4E57-8457-633DC36E96C8}.Release|ARM64.Deploy.0 = Release|ARM64
		{F7E0E7C3-29EE-4E57-8457-633DC36E96C8}.Release|x64.ActiveCfg = Release|x64
		{F7E0E7C3-29EE-4E57-8457-633DC36E96C8}.Release|x64.Build.0 = Release|x64
		{F7E0E7C3-29EE-4E57-8457-633DC36E96C8}.Release|x64.Deploy.0 = Release|x64
		{F7E0E7C3-29EE-4E57-8457-633DC36E96C8}.Release|x86.ActiveCfg = Release|x86
		{F7E0E7C3-29EE-4E57-8457-633DC36E96C8}.Release|x86.Build.0 = Release|x86
		{F7E0E7C3-29EE-4E57-8457-633DC36E96C8}.Release|x86.Deploy.0 = Release|x86
		{38EC4AAE-6DDE-42DA-8CC6-71BB018EC46B}.Debug|ARM.ActiveCfg = Debug|ARM
		{38EC4AAE-6DDE-42DA-8CC6-71BB018EC46B}.Debug|ARM.Build.0 = Debug|ARM
		{38EC4AAE-6DDE-42DA-8CC6-71BB018EC46B}.Debug|ARM.Deploy.0 = Debug|ARM
		{38EC4AAE-6DDE-42DA-8CC6-71BB018EC46B}.Debug|ARM64.ActiveCfg = Debug|ARM64
		{38EC4AAE-6DDE-42DA-8CC6-71BB018EC46B}.Debug|ARM64.Build.0 = Debug|ARM64
		{38EC4AAE-6DDE-42DA-8CC6-71BB018EC46B}.Debug|ARM64.Deploy.0 = Debug|ARM64
		{38EC4AAE-6DDE-42DA-8CC6-71BB018EC46B}.Debug|x64.ActiveCfg = Debug|x64
		{38EC4AAE-6DDE-42DA-8CC6-71BB018EC46B}.Debug|x64.Build.0 = Debug|x64
		{38EC4AAE-6DDE-42DA-8CC6-71BB018EC46B}.Debug|x64.Deploy.0 = Debug|x64
		{38EC4AAE-6DDE-42DA-8CC6-71BB018EC46B}.Debug|x86.ActiveCfg = Debug|x86
		{38EC4AAE-6DDE-42DA-8CC6-71BB018EC46B}.Debug|x86.Build.0 = Debug|x86
		{38EC4AAE-6DDE-42DA-8CC6-71BB018EC46B}.Debug|x86.Deploy.0 = Debug|x86
		{38EC4AAE-6DDE-42DA-8CC6-71BB018EC46B}.Release|ARM.ActiveCfg = Release|ARM
		{38EC4AAE-6DDE-42DA-8CC6-71BB018EC46B}.Release|ARM.Build.0 = Release|ARM
		{38EC4AAE-6DDE-42DA-8CC6-71BB018EC46B}.Release|ARM.Deploy.0 = Release|ARM
		{38EC4AAE-6DDE-42DA-8CC6-71BB018EC46B}.Release|ARM64.ActiveCfg = Release|ARM64
		{38EC4AAE-6DDE-42DA-8CC6-71BB018EC46B}.Release|ARM64.Build.0 = Release|ARM64
		{38EC4AAE-6DDE-42DA-8CC6-71BB018EC46B}.Release|ARM64.Deploy.0 = Release|ARM64
		{38EC4AAE-6DDE-42DA-8CC6-71BB018EC46B}.Release|x64.ActiveCfg = Release|x64
		{38EC4AAE-6DDE-42DA-8CC6-71BB018EC46B}.Release|x64.Build.0 = Release|x64
		{38EC4AAE-6DDE-42DA-8CC6-71BB018EC46B}.Release|x64.Deploy.0 = Release|x64
		{38EC4AAE-6DDE-42DA-8CC6-71BB018EC46B}.Release|x86.ActiveCfg = Release|x86
		{38EC4AAE-6DDE-42DA-8CC6-71BB018EC46B}.Release|x86.Build.0 = Release|x86
		{38EC4AAE-6DDE-42DA-8CC6-71BB018EC46B}.Release|x86.Deploy.0 = Release|x86
	EndGlobalSection
	GlobalSection(SolutionProperties) = preSolution
		HideSolutionNode = FALSE
	EndGlobalSection
	GlobalSection(ExtensibilityGlobals) = postSolution
		SolutionGuid = {E51A2AA1-32FC-45DC-87D0-A58A2A5EC4DD}
	EndGlobalSection
EndGlobal
